{
    "_readme": [
        "This file locks the dependencies of your project to a known state",
        "Read more about it at https://getcomposer.org/doc/01-basic-usage.md#installing-dependencies",
        "This file is @generated automatically"
    ],
    "content-hash": "68f48e090d7cdf6ce6e19fc677511a64",
    "packages": [
        {
            "name": "facebook/difflib",
            "version": "v1.0",
            "source": {
                "type": "git",
                "url": "https://github.com/hhvm/difflib.git",
                "reference": "09505c7d66224fa7e5a8f775825bd70f05e57b01"
            },
            "dist": {
                "type": "zip",
                "url": "https://api.github.com/repos/hhvm/difflib/zipball/09505c7d66224fa7e5a8f775825bd70f05e57b01",
                "reference": "09505c7d66224fa7e5a8f775825bd70f05e57b01",
                "shasum": ""
            },
            "require": {
                "hhvm/hsl": "^3.28"
            },
            "require-dev": {
                "facebook/fbexpect": "^2.1.2",
                "hhvm/hacktest": "^1.0",
                "hhvm/hhast": "^3.28"
            },
            "type": "library",
            "extra": {
                "branch-alias": {
                    "dev-master": "0.2.x-dev"
                }
            },
            "notification-url": "https://packagist.org/downloads/",
            "license": [
                "MIT"
            ],
            "time": "2018-09-24T22:01:02+00:00"
        },
        {
            "name": "facebook/hh-clilib",
            "version": "v2.0.0",
            "source": {
                "type": "git",
                "url": "https://github.com/hhvm/hh-clilib.git",
                "reference": "54618da9f3b769ad7aad8649371195a7a5ebb9ab"
            },
            "dist": {
                "type": "zip",
                "url": "https://api.github.com/repos/hhvm/hh-clilib/zipball/54618da9f3b769ad7aad8649371195a7a5ebb9ab",
                "reference": "54618da9f3b769ad7aad8649371195a7a5ebb9ab",
                "shasum": ""
            },
            "require": {
                "hhvm/hsl": "^3.26",
                "hhvm/hsl-experimental": "^3.29",
                "hhvm/type-assert": "^3.2"
            },
            "require-dev": {
                "facebook/fbexpect": "^2.1.0",
                "hhvm/hacktest": "^1.0.0",
                "hhvm/hhast": "dev-master"
            },
            "type": "library",
            "extra": {
                "branch-alias": {
                    "dev-master": "1.x-dev"
                }
            },
            "notification-url": "https://packagist.org/downloads/",
            "license": [
                "MIT"
            ],
            "time": "2018-11-29T19:25:07+00:00"
        },
        {
            "name": "hhvm/hhvm-autoload",
            "version": "v1.6.9",
            "source": {
                "type": "git",
                "url": "https://github.com/hhvm/hhvm-autoload.git",
                "reference": "d1dd7ffd5fa831c011266bf417231bdc4eccde87"
            },
            "dist": {
                "type": "zip",
                "url": "https://api.github.com/repos/hhvm/hhvm-autoload/zipball/d1dd7ffd5fa831c011266bf417231bdc4eccde87",
                "reference": "d1dd7ffd5fa831c011266bf417231bdc4eccde87",
                "shasum": ""
            },
            "require": {
                "composer-plugin-api": "^1.0",
                "hhvm": "^3.28"
            },
            "replace": {
                "facebook/hhvm-autoload": "1.*"
            },
            "require-dev": {
                "facebook/fbexpect": "^2.1",
                "hhvm/hacktest": "^1.0"
            },
            "bin": [
                "bin/hh-autoload"
            ],
            "type": "composer-plugin",
            "extra": {
                "class": [
                    "Facebook\\AutoloadMap\\ComposerPlugin"
                ],
                "branch-alias": {
                    "dev-master": "1.x-dev"
                }
            },
            "autoload": {
                "classmap": [
                    "src/Writer.php",
                    "src/"
                ],
                "files": [
                    "src/AutoloadMap.php",
                    "src/Config.php",
                    "src/TypeAssert.php"
                ]
            },
            "notification-url": "https://packagist.org/downloads/",
            "time": "2018-10-18T18:10:50+00:00"
        },
        {
            "name": "hhvm/hsl",
            "version": "v3.29.1",
            "source": {
                "type": "git",
                "url": "https://github.com/hhvm/hsl.git",
                "reference": "46d7de35f1cd61e0baa187a8606406f8e8af091a"
            },
            "dist": {
                "type": "zip",
                "url": "https://api.github.com/repos/hhvm/hsl/zipball/46d7de35f1cd61e0baa187a8606406f8e8af091a",
                "reference": "46d7de35f1cd61e0baa187a8606406f8e8af091a",
                "shasum": ""
            },
            "require": {
                "hhvm": "^3.29.0",
                "hhvm/hhvm-autoload": "^1.4"
            },
            "require-dev": {
                "facebook/fbexpect": "^2.0.0",
                "hhvm/hacktest": "^1.0.0"
            },
            "type": "library",
            "extra": {
                "branch-alias": {
                    "dev-master": "3.x-dev"
                }
            },
            "notification-url": "https://packagist.org/downloads/",
            "license": [
                "MIT"
            ],
            "description": "The Hack Standard Library",
            "time": "2018-10-18T18:21:07+00:00"
        },
        {
            "name": "hhvm/hsl-experimental",
            "version": "v3.29.2",
            "source": {
                "type": "git",
                "url": "https://github.com/hhvm/hsl-experimental.git",
                "reference": "cc326efe4e93e9a447f468a89963b3dd6a0aac0e"
            },
            "dist": {
                "type": "zip",
                "url": "https://api.github.com/repos/hhvm/hsl-experimental/zipball/cc326efe4e93e9a447f468a89963b3dd6a0aac0e",
                "reference": "cc326efe4e93e9a447f468a89963b3dd6a0aac0e",
                "shasum": ""
            },
            "require": {
                "hhvm": "^3.29.0",
                "hhvm/hhvm-autoload": "^1.4",
                "hhvm/hsl": "^3.29.0"
            },
            "require-dev": {
                "facebook/fbexpect": "^2.0",
                "hhvm/hacktest": "^1.0"
            },
            "type": "library",
            "notification-url": "https://packagist.org/downloads/",
            "license": [
                "MIT"
            ],
            "description": "The Hack Standard Library - Experimental Additions",
            "time": "2018-11-14T18:31:30+00:00"
        },
        {
            "name": "hhvm/type-assert",
            "version": "v3.2.5",
            "source": {
                "type": "git",
                "url": "https://github.com/hhvm/type-assert.git",
                "reference": "7b25cd12e70fa3f618ae2330ac0bec567548f32b"
            },
            "dist": {
                "type": "zip",
                "url": "https://api.github.com/repos/hhvm/type-assert/zipball/7b25cd12e70fa3f618ae2330ac0bec567548f32b",
                "reference": "7b25cd12e70fa3f618ae2330ac0bec567548f32b",
                "shasum": ""
            },
            "require": {
                "hhvm": "^3.29.0",
                "hhvm/hhvm-autoload": "^1.4",
                "hhvm/hsl": "^3.29.0"
            },
            "require-dev": {
                "facebook/fbexpect": "^2.0.0",
                "hhvm/hacktest": "^1.0",
                "hhvm/hhast": "^3.27"
            },
            "type": "library",
            "extra": {
                "branch-alias": {
                    "dev-master": "3.x-dev"
                }
            },
            "notification-url": "https://packagist.org/downloads/",
            "license": [
                "MIT"
            ],
            "description": "Convert untyped data to typed data",
            "keywords": [
                "TypeAssert",
                "hack"
            ],
            "time": "2018-10-18T18:02:20+00:00"
        }
    ],
    "packages-dev": [
        {
            "name": "facebook/fbexpect",
            "version": "v2.3.0",
            "source": {
                "type": "git",
                "url": "https://github.com/hhvm/fbexpect.git",
                "reference": "22b9d59d9ab5e22a07e66fe1d07ba8d0472ae49b"
            },
            "dist": {
                "type": "zip",
                "url": "https://api.github.com/repos/hhvm/fbexpect/zipball/22b9d59d9ab5e22a07e66fe1d07ba8d0472ae49b",
                "reference": "22b9d59d9ab5e22a07e66fe1d07ba8d0472ae49b",
                "shasum": ""
            },
            "require": {
                "facebook/difflib": "^1.0.0",
                "hhvm": "^3.28",
                "hhvm/hacktest": "^1.0",
                "hhvm/hhvm-autoload": "^1.6",
                "hhvm/hsl": "^3.26"
            },
            "type": "library",
            "notification-url": "https://packagist.org/downloads/",
            "license": [
                "MIT"
            ],
            "description": "Unit test helpers for Facebook projects",
            "time": "2018-11-29T21:04:58+00:00"
        },
        {
            "name": "facebook/hack-codegen",
            "version": "v4.0.0",
            "source": {
                "type": "git",
                "url": "https://github.com/hhvm/hack-codegen.git",
                "reference": "c9de775742094762412fb4ed9ab3283a80efc886"
            },
            "dist": {
                "type": "zip",
                "url": "https://api.github.com/repos/hhvm/hack-codegen/zipball/c9de775742094762412fb4ed9ab3283a80efc886",
                "reference": "c9de775742094762412fb4ed9ab3283a80efc886",
                "shasum": ""
            },
            "require": {
                "hhvm": ">=3.28.0",
                "hhvm/hhvm-autoload": "^1.6",
                "hhvm/hsl": "^3.28.0"
            },
            "require-dev": {
                "facebook/difflib": "^1.0",
                "facebook/fbexpect": "^2.1.0",
                "hhvm/hacktest": "^1.0",
                "hhvm/hhast": "^3.28.0",
                "hhvm/type-assert": "^3.1"
            },
            "bin": [
                "bin/hh-codegen-verify-signatures"
            ],
            "type": "library",
            "notification-url": "https://packagist.org/downloads/",
            "authors": [
                {
                    "name": "Drew Hoskins",
                    "role": "Developer"
                },
                {
                    "name": "Gaurav Kumar",
                    "role": "Developer"
                },
                {
                    "name": "Alejandro Marcu",
                    "role": "Developer"
                },
                {
                    "name": "Matthieu Martin",
                    "role": "Developer"
                },
                {
                    "name": "Fred Emmott",
                    "role": "Developer"
                }
            ],
            "description": "Hack Codegen is a library for programatically generating Hack code",
            "keywords": [
                "code generation",
                "hack"
            ],
            "time": "2018-11-07T22:08:39+00:00"
        },
        {
            "name": "hhvm/hacktest",
            "version": "v1.3",
            "source": {
                "type": "git",
                "url": "https://github.com/hhvm/hacktest.git",
                "reference": "ed8eaf18c1a4443e0a735707ac3d0c2749273f08"
            },
            "dist": {
                "type": "zip",
                "url": "https://api.github.com/repos/hhvm/hacktest/zipball/ed8eaf18c1a4443e0a735707ac3d0c2749273f08",
                "reference": "ed8eaf18c1a4443e0a735707ac3d0c2749273f08",
                "shasum": ""
            },
            "require": {
                "facebook/hh-clilib": "^2.0.0",
                "hhvm": "^3.28.0",
                "hhvm/hhvm-autoload": "^1.6",
                "hhvm/hsl": "^3.26",
                "hhvm/type-assert": "^3.2"
            },
            "require-dev": {
                "facebook/fbexpect": "^2.3.0",
                "hhvm/hhast": "^3.27"
            },
            "bin": [
                "bin/hacktest"
            ],
            "type": "library",
            "extra": {
                "branch-alias": {
                    "dev-master": "1.x-dev"
                }
            },
            "notification-url": "https://packagist.org/downloads/",
            "license": [
                "MIT"
            ],
            "description": "The Hack Test Library",
            "time": "2018-11-30T17:17:20+00:00"
        }
    ],
    "aliases": [],
    "minimum-stability": "stable",
    "stability-flags": [],
    "prefer-stable": false,
    "prefer-lowest": false,
    "platform": {
        "hhvm": "3.29.*"
    },
    "platform-dev": []
}
