{
    "_readme": [
        "This file locks the dependencies of your project to a known state",
        "Read more about it at https://getcomposer.org/doc/01-basic-usage.md#installing-dependencies",
        "This file is @generated automatically"
    ],
    "content-hash": "8320712616a7005614049396a27c8011",
    "packages": [
        {
            "name": "facebook/difflib",
            "version": "v1.1.2",
            "source": {
                "type": "git",
                "url": "https://github.com/hhvm/difflib.git",
                "reference": "df993ab48449f4f21de3d1f6f3d6bd1ca177216f"
            },
            "dist": {
                "type": "zip",
                "url": "https://api.github.com/repos/hhvm/difflib/zipball/df993ab48449f4f21de3d1f6f3d6bd1ca177216f",
                "reference": "df993ab48449f4f21de3d1f6f3d6bd1ca177216f",
                "shasum": ""
            },
            "require": {
                "hhvm/hsl": "^4.0"
            },
            "require-dev": {
                "facebook/fbexpect": "^2.1.2",
                "hhvm/hacktest": "^1.0",
                "hhvm/hhast": "^4.0",
                "hhvm/hhvm-autoload": "^2.0"
            },
            "type": "library",
            "extra": {
                "branch-alias": {
                    "dev-master": "1.x-dev"
                }
            },
            "notification-url": "https://packagist.org/downloads/",
            "license": [
                "MIT"
            ],
            "time": "2019-05-01T22:49:25+00:00"
        },
        {
            "name": "facebook/hh-clilib",
            "version": "v2.1.1",
            "source": {
                "type": "git",
                "url": "https://github.com/hhvm/hh-clilib.git",
                "reference": "9d6b1a8686951da24ab68ffeba25ae85d1788408"
            },
            "dist": {
                "type": "zip",
                "url": "https://api.github.com/repos/hhvm/hh-clilib/zipball/9d6b1a8686951da24ab68ffeba25ae85d1788408",
                "reference": "9d6b1a8686951da24ab68ffeba25ae85d1788408",
                "shasum": ""
            },
            "require": {
                "hhvm/hsl": "^4.0",
                "hhvm/hsl-experimental": "^4.0",
                "hhvm/type-assert": "^3.2"
            },
            "require-dev": {
                "facebook/fbexpect": "^2.1.0",
                "hhvm/hacktest": "^1.0.0",
                "hhvm/hhast": "^4.0.2"
            },
            "type": "library",
            "extra": {
                "branch-alias": {
                    "dev-master": "2.x-dev"
                }
            },
            "notification-url": "https://packagist.org/downloads/",
            "license": [
                "MIT"
            ],
            "time": "2019-03-26T18:31:27+00:00"
        },
        {
            "name": "hhvm/hhvm-autoload",
            "version": "v2.0.6",
            "source": {
                "type": "git",
                "url": "https://github.com/hhvm/hhvm-autoload.git",
                "reference": "4f510960e71adcad661c33ae355d0d9670d9c805"
            },
            "dist": {
                "type": "zip",
                "url": "https://api.github.com/repos/hhvm/hhvm-autoload/zipball/4f510960e71adcad661c33ae355d0d9670d9c805",
                "reference": "4f510960e71adcad661c33ae355d0d9670d9c805",
                "shasum": ""
            },
            "require": {
                "composer-plugin-api": "^1.0",
                "hhvm": "^4.0",
                "hhvm/hsl": "^4.0"
            },
            "replace": {
                "facebook/hhvm-autoload": "1.*"
            },
            "require-dev": {
                "facebook/fbexpect": "^2.1",
                "hhvm/hacktest": "^1.0"
            },
            "bin": [
                "bin/hh-autoload",
                "bin/hh-autoload.hack"
            ],
            "type": "composer-plugin",
            "extra": {
                "class": [
                    "Facebook\\AutoloadMap\\ComposerPlugin"
                ],
                "branch-alias": {
                    "dev-master": "2.x-dev"
                }
            },
            "autoload": {
                "classmap": [
                    "src/ComposerPlugin.php"
                ]
            },
            "notification-url": "https://packagist.org/downloads/",
            "time": "2019-03-26T17:57:44+00:00"
        },
        {
            "name": "hhvm/hsl",
            "version": "v4.5.0",
            "source": {
                "type": "git",
                "url": "https://github.com/hhvm/hsl.git",
                "reference": "97e555a0ca3ec346c659fb3b5aec769be1242fbe"
            },
            "dist": {
                "type": "zip",
                "url": "https://api.github.com/repos/hhvm/hsl/zipball/97e555a0ca3ec346c659fb3b5aec769be1242fbe",
                "reference": "97e555a0ca3ec346c659fb3b5aec769be1242fbe",
                "shasum": ""
            },
            "require": {
                "hhvm": "^4.3"
            },
            "require-dev": {
                "facebook/fbexpect": "^2.5.1",
                "hhvm/hacktest": "^1.0",
                "hhvm/hhvm-autoload": "^2.0"
            },
            "type": "library",
            "extra": {
                "branch-alias": {
                    "dev-master": "4.x-dev"
                }
            },
            "notification-url": "https://packagist.org/downloads/",
            "license": [
                "MIT"
            ],
            "description": "The Hack Standard Library",
            "time": "2019-05-13T17:13:14+00:00"
        },
        {
            "name": "hhvm/hsl-experimental",
            "version": "v4.5.0",
            "source": {
                "type": "git",
                "url": "https://github.com/hhvm/hsl-experimental.git",
                "reference": "2090e5ab401449545b66bb20ee3ec4a0901a1883"
            },
            "dist": {
                "type": "zip",
                "url": "https://api.github.com/repos/hhvm/hsl-experimental/zipball/2090e5ab401449545b66bb20ee3ec4a0901a1883",
                "reference": "2090e5ab401449545b66bb20ee3ec4a0901a1883",
                "shasum": ""
            },
            "require": {
                "hhvm": "^4.1",
                "hhvm/hsl": "^4.0"
            },
            "require-dev": {
                "facebook/fbexpect": "^2.0",
                "hhvm/hacktest": "^1.0",
                "hhvm/hhvm-autoload": "^2.0"
            },
            "type": "library",
            "extra": {
                "branch-alias": {
                    "dev-master": "4.x-dev"
                }
            },
            "notification-url": "https://packagist.org/downloads/",
            "license": [
                "MIT"
            ],
            "description": "The Hack Standard Library - Experimental Additions",
            "time": "2019-05-13T17:18:40+00:00"
        },
        {
            "name": "hhvm/type-assert",
            "version": "v3.3.2",
            "source": {
                "type": "git",
                "url": "https://github.com/hhvm/type-assert.git",
                "reference": "92f95a5726d705d219e703ab0baa3910d7565fe9"
            },
            "dist": {
                "type": "zip",
                "url": "https://api.github.com/repos/hhvm/type-assert/zipball/92f95a5726d705d219e703ab0baa3910d7565fe9",
                "reference": "92f95a5726d705d219e703ab0baa3910d7565fe9",
                "shasum": ""
            },
            "require": {
                "hhvm": "^4.0",
                "hhvm/hsl": "^4.0"
            },
            "require-dev": {
                "facebook/fbexpect": "^2.0.0",
                "hhvm/hacktest": "^1.0",
                "hhvm/hhast": "^4.0",
                "hhvm/hhvm-autoload": "^2.0"
            },
            "type": "library",
            "extra": {
                "branch-alias": {
                    "dev-master": "3.x-dev"
                }
            },
            "notification-url": "https://packagist.org/downloads/",
            "license": [
                "MIT"
            ],
            "description": "Convert untyped data to typed data",
            "keywords": [
                "TypeAssert",
                "hack"
            ],
            "time": "2019-03-22T20:19:06+00:00"
        }
    ],
    "packages-dev": [
        {
            "name": "facebook/fbexpect",
            "version": "v2.5.6",
            "source": {
                "type": "git",
                "url": "https://github.com/hhvm/fbexpect.git",
                "reference": "56c0b9a3473933af2056c795e4c2378f5af95529"
            },
            "dist": {
                "type": "zip",
                "url": "https://api.github.com/repos/hhvm/fbexpect/zipball/56c0b9a3473933af2056c795e4c2378f5af95529",
                "reference": "56c0b9a3473933af2056c795e4c2378f5af95529",
                "shasum": ""
            },
            "require": {
                "facebook/difflib": "^1.0.0",
                "hhvm": "^4.0",
                "hhvm/hacktest": "^1.0",
                "hhvm/hsl": "^4.0"
            },
            "require-dev": {
                "hhvm/hhast": "^4.1",
                "hhvm/hhvm-autoload": "^2.0"
            },
            "type": "library",
            "notification-url": "https://packagist.org/downloads/",
            "license": [
                "MIT"
            ],
            "description": "Unit test helpers for Facebook projects",
            "time": "2019-03-22T20:12:49+00:00"
        },
        {
            "name": "facebook/hack-codegen",
            "version": "v4.2.4",
            "source": {
                "type": "git",
                "url": "https://github.com/hhvm/hack-codegen.git",
                "reference": "efc714aeb356ea662c6b6ca81c10aaf9db3333b0"
            },
            "dist": {
                "type": "zip",
                "url": "https://api.github.com/repos/hhvm/hack-codegen/zipball/efc714aeb356ea662c6b6ca81c10aaf9db3333b0",
                "reference": "efc714aeb356ea662c6b6ca81c10aaf9db3333b0",
                "shasum": ""
            },
            "require": {
                "hhvm": "^4.1.0",
                "hhvm/hhvm-autoload": "^2.0",
                "hhvm/hsl": "^4.0"
            },
            "require-dev": {
                "facebook/difflib": "^1.0",
                "facebook/fbexpect": "^2.1.0",
                "hhvm/hacktest": "^1.0",
                "hhvm/hhast": "^4.0",
                "hhvm/type-assert": "^3.1"
            },
            "bin": [
                "bin/hh-codegen-verify-signatures",
                "bin/hh-codegen-verify-signatures.hack"
            ],
            "type": "library",
            "notification-url": "https://packagist.org/downloads/",
            "authors": [
                {
                    "name": "Drew Hoskins",
                    "role": "Developer"
                },
                {
                    "name": "Gaurav Kumar",
                    "role": "Developer"
                },
                {
                    "name": "Alejandro Marcu",
                    "role": "Developer"
                },
                {
                    "name": "Matthieu Martin",
                    "role": "Developer"
                },
                {
                    "name": "Fred Emmott",
                    "role": "Developer"
                }
            ],
            "description": "Hack Codegen is a library for programatically generating Hack code",
            "keywords": [
                "code generation",
                "hack"
            ],
            "time": "2019-05-13T18:23:04+00:00"
        },
        {
            "name": "hhvm/hacktest",
            "version": "v1.5.2",
            "source": {
                "type": "git",
                "url": "https://github.com/hhvm/hacktest.git",
                "reference": "c89fa2d0d40a74d2cf0dbef13f66219fb702c0f9"
            },
            "dist": {
                "type": "zip",
                "url": "https://api.github.com/repos/hhvm/hacktest/zipball/c89fa2d0d40a74d2cf0dbef13f66219fb702c0f9",
                "reference": "c89fa2d0d40a74d2cf0dbef13f66219fb702c0f9",
                "shasum": ""
            },
            "require": {
                "facebook/hh-clilib": "^2.0.0",
                "hhvm": "^4.1",
                "hhvm/hhvm-autoload": "^2.0.2",
                "hhvm/hsl": "^4.0",
                "hhvm/type-assert": "^3.2"
            },
            "require-dev": {
                "facebook/fbexpect": "^2.3.0",
                "hhvm/hhast": "^4.0"
            },
            "bin": [
                "bin/hacktest",
                "bin/hacktest.hack"
            ],
            "type": "library",
            "extra": {
                "branch-alias": {
                    "dev-master": "1.x-dev"
                }
            },
            "notification-url": "https://packagist.org/downloads/",
            "license": [
                "MIT"
            ],
            "description": "The Hack Test Library",
            "time": "2019-05-13T15:56:32+00:00"
        }
    ],
    "aliases": [],
    "minimum-stability": "stable",
    "stability-flags": [],
    "prefer-stable": false,
    "prefer-lowest": false,
    "platform": {
        "hhvm": "^4.3"
    },
    "platform-dev": []
}
