{
    "_readme": [
        "This file locks the dependencies of your project to a known state",
        "Read more about it at https://getcomposer.org/doc/01-basic-usage.md#composer-lock-the-lock-file",
        "This file is @generated automatically"
    ],
    "content-hash": "4e8a47925fab8049a96605bae8325ad4",
    "packages": [],
    "packages-dev": [
        {
            "name": "91carriage/phpunit-hhi",
            "version": "5.7.1",
            "source": {
                "type": "git",
                "url": "https://git.simon.geek.nz/91-carriage/phpunit-hhi.git",
                "reference": "6864897f023f111d8b72fb7340c1ef5d0d9f8a45"
            },
            "require": {
                "hhvm": ">=3.12.0"
            },
            "conflict": {
                "phpunit/phpunit": "<5.7.15"
            },
            "require-dev": {
                "phpunit/phpunit": "*"
            },
            "suggest": {
                "91carriage/dbunit-hhi": "HHI files for use with DbUnit"
            },
            "type": "library",
            "extra": {
                "branch-alias": {
                    "dev-master": "6.0.x-dev",
                    "dev-phpunit-5.7": "5.7.x-dev",
                    "dev-phpunit-5.6": "5.6.x-dev",
                    "dev-phpunit-5.5": "5.5.x-dev",
                    "dev-phpunit-5.4": "5.4.x-dev",
                    "dev-phpunit-5.3": "5.3.x-dev",
                    "dev-phpunit-5.2": "5.2.x-dev",
                    "dev-phpunit-5.1": "5.1.x-dev",
                    "dev-phpunit-5.0": "5.0.x-dev",
                    "dev-phpunit-4.8": "4.8.x-dev"
                }
            },
            "notification-url": "https://packagist.org/downloads/",
            "license": [
                "MIT"
            ],
            "description": "HHI definitions for PHPUnit",
            "homepage": "https://git.simon.geek.nz/91-carriage/phpunit-hhi",
            "keywords": [
                "hack",
                "hhvm",
                "phpunit",
                "testing"
            ],
            "time": "2017-04-09T02:42:01+00:00"
        },
        {
            "name": "facebook/definition-finder",
            "version": "v1.6.2",
            "source": {
                "type": "git",
                "url": "https://github.com/hhvm/definition-finder.git",
                "reference": "3d1faa5f7d9c954ca1793cddeaf187e3631c4ed8"
            },
            "dist": {
                "type": "zip",
                "url": "https://api.github.com/repos/hhvm/definition-finder/zipball/3d1faa5f7d9c954ca1793cddeaf187e3631c4ed8",
                "reference": "3d1faa5f7d9c954ca1793cddeaf187e3631c4ed8",
                "shasum": ""
            },
            "require": {
                "hhvm": "~3.12"
            },
            "require-dev": {
                "91carriage/phpunit-hhi": "~5.1",
                "hhvm/systemlib-extractor": "~1.0",
                "phpunit/phpunit": "~5.1"
            },
            "type": "library",
            "autoload": {
                "classmap": [
                    "src/"
                ],
                "files": [
                    "autoload_files.php"
                ]
            },
            "notification-url": "https://packagist.org/downloads/",
            "description": "Find definitions in PHP or Hack files. Useful for autoloaders.",
            "homepage": "https://github.com/hhvm/definitions-finder",
            "keywords": [
                "autoload",
                "definitions",
                "hack",
                "hhvm"
            ],
            "time": "2017-08-25T16:56:25+00:00"
        },
        {
            "name": "facebook/hack-codegen",
            "version": "dev-master",
            "source": {
                "type": "git",
                "url": "https://github.com/hhvm/hack-codegen.git",
                "reference": "e8075c8d2f830d90786461d36d8146f98c054e76"
            },
            "dist": {
                "type": "zip",
                "url": "https://api.github.com/repos/hhvm/hack-codegen/zipball/e8075c8d2f830d90786461d36d8146f98c054e76",
                "reference": "e8075c8d2f830d90786461d36d8146f98c054e76",
                "shasum": ""
            },
            "require": {
                "facebook/hhvm-autoload": "^1.4",
                "hhvm": "^3.21",
                "hhvm/hsl": "^0.2"
            },
            "require-dev": {
                "91carriage/phpunit-hhi": "^5.6",
                "hhvm/type-assert": "^2.0",
                "phpunit/phpunit": "^5.7"
            },
            "type": "library",
            "autoload": {
                "classmap": [
                    "lib/",
                    "src/"
                ],
                "files": [
                    "lib/typedefs.php",
                    "lib/utils.php"
                ]
            },
            "notification-url": "https://packagist.org/downloads/",
            "authors": [
                {
                    "name": "Drew Hoskins",
                    "role": "Developer"
                },
                {
                    "name": "Gaurav Kumar",
                    "role": "Developer"
                },
                {
                    "name": "Alejandro Marcu",
                    "role": "Developer"
                },
                {
                    "name": "Matthieu Martin",
                    "role": "Developer"
                },
                {
                    "name": "Fred Emmott",
                    "role": "Developer"
                }
            ],
            "description": "Hack Codegen is a library for programatically generating Hack code",
            "keywords": [
                "code generation",
                "hack"
            ],
            "time": "2017-09-08 18:34:05"
        },
        {
            "name": "facebook/hhvm-autoload",
            "version": "v1.4.2",
            "source": {
                "type": "git",
                "url": "https://github.com/hhvm/hhvm-autoload.git",
                "reference": "f1a805e38e51fef5eb0422067d2c87dbc79f0f8b"
            },
            "dist": {
                "type": "zip",
                "url": "https://api.github.com/repos/hhvm/hhvm-autoload/zipball/f1a805e38e51fef5eb0422067d2c87dbc79f0f8b",
                "reference": "f1a805e38e51fef5eb0422067d2c87dbc79f0f8b",
                "shasum": ""
            },
            "require": {
                "91carriage/phpunit-hhi": "^5.5",
                "composer-plugin-api": "^1.0",
                "facebook/definition-finder": "^1.0",
                "fredemmott/hack-error-suppressor": "^1.0",
                "hhvm": "^3.12",
                "hhvm/type-assert": "^2.0"
            },
            "require-dev": {
                "phpunit/phpunit": "^5.5"
            },
            "bin": [
                "bin/hh-autoload"
            ],
            "type": "composer-plugin",
            "extra": {
                "class": [
                    "Facebook\\AutoloadMap\\ComposerPlugin"
                ]
            },
            "autoload": {
                "classmap": [
                    "src/Writer.php",
                    "src/"
                ],
                "files": [
                    "src/AutoloadMap.php",
                    "src/Config.php"
                ]
            },
            "notification-url": "https://packagist.org/downloads/",
            "time": "2017-09-04T18:41:11+00:00"
        },
        {
            "name": "fredemmott/hack-error-suppressor",
            "version": "v1.0.1",
            "source": {
                "type": "git",
                "url": "https://github.com/fredemmott/hack-error-suppressor.git",
                "reference": "cb145c771b50f4f4eeec8c9cac4740df3d486a12"
            },
            "dist": {
                "type": "zip",
                "url": "https://api.github.com/repos/fredemmott/hack-error-suppressor/zipball/cb145c771b50f4f4eeec8c9cac4740df3d486a12",
                "reference": "cb145c771b50f4f4eeec8c9cac4740df3d486a12",
                "shasum": ""
            },
            "require-dev": {
                "91carriage/phpunit-hhi": "^5.6",
                "phpunit/phpunit": "^5.7"
            },
            "type": "library",
            "autoload": {
                "classmap": [
                    "src/"
                ]
            },
            "notification-url": "https://packagist.org/downloads/",
            "license": [
                "ISC"
            ],
            "authors": [
                {
                    "name": "Fred Emmott",
                    "email": "fred@fredemmott.co.uk"
                }
            ],
            "description": "Suppress HHVM's automatic conversion of typechecker errors to fatals.",
            "time": "2017-05-02T03:07:37+00:00"
        },
        {
            "name": "hhvm/hsl",
            "version": "v0.2",
            "source": {
                "type": "git",
                "url": "https://github.com/hhvm/hsl.git",
                "reference": "1cde7b351cc84a216a21dbe9570a4662fd738467"
            },
            "dist": {
                "type": "zip",
                "url": "https://api.github.com/repos/hhvm/hsl/zipball/1cde7b351cc84a216a21dbe9570a4662fd738467",
                "reference": "1cde7b351cc84a216a21dbe9570a4662fd738467",
                "shasum": ""
            },
            "require": {
                "facebook/hhvm-autoload": "^1.4"
            },
            "require-dev": {
                "91carriage/phpunit-hhi": "^5.7",
                "facebook/definition-finder": "^1.6.1",
                "facebook/fbexpect": "^0.2",
                "phpunit/phpunit": "^5.7"
            },
            "type": "library",
            "notification-url": "https://packagist.org/downloads/",
            "description": "The Hack Standard Library",
            "time": "2017-08-18T01:08:01+00:00"
        },
        {
            "name": "hhvm/type-assert",
            "version": "v2.0",
            "source": {
                "type": "git",
                "url": "https://github.com/hhvm/type-assert.git",
                "reference": "fcd2cdc238302242b0da207fe395d6f7f2e8a2a6"
            },
            "dist": {
                "type": "zip",
                "url": "https://api.github.com/repos/hhvm/type-assert/zipball/fcd2cdc238302242b0da207fe395d6f7f2e8a2a6",
                "reference": "fcd2cdc238302242b0da207fe395d6f7f2e8a2a6",
                "shasum": ""
            },
            "require": {
                "hhvm": "~3.12"
            },
            "require-dev": {
                "91carriage/phpunit-hhi": "~5.1",
                "phpunit/phpunit": "~5.1"
            },
            "type": "library",
            "autoload": {
                "classmap": [
                    "src/"
                ]
            },
            "notification-url": "https://packagist.org/downloads/",
            "description": "Convert untyped data to typed data",
            "keywords": [
                "TypeAssert",
                "hack"
            ],
            "time": "2017-08-29T21:00:54+00:00"
        }
    ],
    "aliases": [],
    "minimum-stability": "stable",
    "stability-flags": {
        "facebook/hack-codegen": 20
    },
    "prefer-stable": false,
    "prefer-lowest": false,
    "platform": [],
    "platform-dev": []
}
