# THIS IS AN AUTOGENERATED FILE. DO NOT EDIT THIS FILE DIRECTLY.
# yarn lockfile v1


"@types/atom@^1.24.1":
  version "1.28.0"
  resolved "https://registry.yarnpkg.com/@types/atom/-/atom-1.28.0.tgz#1c80cfa41381b6609e3eac4f84c013cd5069d36d"
  dependencies:
    "@types/node" "*"

"@types/node@*":
  version "10.5.2"
  resolved "https://registry.yarnpkg.com/@types/node/-/node-10.5.2.tgz#f19f05314d5421fe37e74153254201a7bf00a707"

"@types/node@^8.0.41":
  version "8.10.21"
  resolved "https://registry.yarnpkg.com/@types/node/-/node-8.10.21.tgz#12b3f2359b27aa05a45d886c8ba1eb8d1a77e285"

atom-languageclient@^0.9.5:
  version "0.9.5"
  resolved "https://registry.yarnpkg.com/atom-languageclient/-/atom-languageclient-0.9.5.tgz#71746874f768df993618da4b4c288665acaa2a16"
  dependencies:
    "@types/atom" "^1.24.1"
    "@types/node" "^8.0.41"
    fuzzaldrin-plus "^0.6.0"
    vscode-jsonrpc "^3.5.0"
    vscode-languageserver-protocol "3.6.0-next.5"
    vscode-languageserver-types "^3.6.0-next.1"

fuzzaldrin-plus@^0.6.0:
  version "0.6.0"
  resolved "https://registry.yarnpkg.com/fuzzaldrin-plus/-/fuzzaldrin-plus-0.6.0.tgz#832f6489fbe876769459599c914a670ec22947ee"

vscode-jsonrpc@^3.5.0, vscode-jsonrpc@^3.6.0-next.1:
  version "3.6.2"
  resolved "https://registry.yarnpkg.com/vscode-jsonrpc/-/vscode-jsonrpc-3.6.2.tgz#3b5eef691159a15556ecc500e9a8a0dd143470c8"

vscode-languageserver-protocol@3.6.0-next.5:
  version "3.6.0-next.5"
  resolved "https://registry.yarnpkg.com/vscode-languageserver-protocol/-/vscode-languageserver-protocol-3.6.0-next.5.tgz#ed2ec2db759826f753c0a13977dfb2bedc4d31b3"
  dependencies:
    vscode-jsonrpc "^3.6.0-next.1"
    vscode-languageserver-types "^3.6.0-next.1"

vscode-languageserver-types@^3.6.0-next.1:
  version "3.8.2"
  resolved "https://registry.yarnpkg.com/vscode-languageserver-types/-/vscode-languageserver-types-3.8.2.tgz#2550b8d852195328a735c56dbf4e72b8da31613f"
